
Microsoft Visual Studio Solution File, Format Version 12.00
# Visual Studio 15
VisualStudioVersion = 15.0.27428.2027
MinimumVisualStudioVersion = 10.0.40219.1
Project("{FAE04EC0-301F-11D3-BF4B-00C04F79EFBC}") = "LuceneSearchUtil", "LuceneSearchUtil\LuceneSearchUtil.csproj", "{97366EFD-F0E6-4EB9-8884-30123CA7798E}"
EndProject
Project("{FAE04EC0-301F-11D3-BF4B-00C04F79EFBC}") = "Example.MVC", "Example.MVC\Example.MVC.csproj", "{748292D4-78D4-4E7C-BEDD-4CB35B8C9E91}"
EndProject
Project("{FAE04EC0-301F-11D3-BF4B-00C04F79EFBC}") = "Example.MovieStore", "Example.MovieStore\Example.MovieStore.csproj", "{0E604AF7-466B-44CA-B04D-BC0D09018FE2}"
EndProject
Global
	GlobalSection(SolutionConfigurationPlatforms) = preSolution
		Debug|Any CPU = Debug|Any CPU
		Release|Any CPU = Release|Any CPU
	EndGlobalSection
	GlobalSection(ProjectConfigurationPlatforms) = postSolution
		{97366EFD-F0E6-4EB9-8884-30123CA7798E}.Debug|Any CPU.ActiveCfg = Debug|Any CPU
		{97366EFD-F0E6-4EB9-8884-30123CA7798E}.Debug|Any CPU.Build.0 = Debug|Any CPU
		{97366EFD-F0E6-4EB9-8884-30123CA7798E}.Release|Any CPU.ActiveCfg = Release|Any CPU
		{97366EFD-F0E6-4EB9-8884-30123CA7798E}.Release|Any CPU.Build.0 = Release|Any CPU
		{748292D4-78D4-4E7C-BEDD-4CB35B8C9E91}.Debug|Any CPU.ActiveCfg = Debug|Any CPU
		{748292D4-78D4-4E7C-BEDD-4CB35B8C9E91}.Debug|Any CPU.Build.0 = Debug|Any CPU
		{748292D4-78D4-4E7C-BEDD-4CB35B8C9E91}.Release|Any CPU.ActiveCfg = Release|Any CPU
		{748292D4-78D4-4E7C-BEDD-4CB35B8C9E91}.Release|Any CPU.Build.0 = Release|Any CPU
		{0E604AF7-466B-44CA-B04D-BC0D09018FE2}.Debug|Any CPU.ActiveCfg = Debug|Any CPU
		{0E604AF7-466B-44CA-B04D-BC0D09018FE2}.Debug|Any CPU.Build.0 = Debug|Any CPU
		{0E604AF7-466B-44CA-B04D-BC0D09018FE2}.Release|Any CPU.ActiveCfg = Release|Any CPU
		{0E604AF7-466B-44CA-B04D-BC0D09018FE2}.Release|Any CPU.Build.0 = Release|Any CPU
	EndGlobalSection
	GlobalSection(SolutionProperties) = preSolution
		HideSolutionNode = FALSE
	EndGlobalSection
	GlobalSection(ExtensibilityGlobals) = postSolution
		SolutionGuid = {EAC86378-239B-427F-928D-C975919DEC51}
	EndGlobalSection
EndGlobal
